// !$*UTF8*$!
{
	archiveVersion = 1;
	classes = {
	};
	objectVersion = 46;
	objects = {

/* Begin PBXBuildFile section */
		49B45FE81BA8770C00EA4B82 /* main.m in Sources */ = {isa = PBXBuildFile; fileRef = 49B45FE71BA8770C00EA4B82 /* main.m */; };
		49B45FEB1BA8770C00EA4B82 /* AppDelegate.m in Sources */ = {isa = PBXBuildFile; fileRef = 49B45FEA1BA8770C00EA4B82 /* AppDelegate.m */; };
		49B45FF11BA8770C00EA4B82 /* Main.storyboard in Resources */ = {isa = PBXBuildFile; fileRef = 49B45FEF1BA8770C00EA4B82 /* Main.storyboard */; };
		49B45FF31BA8770C00EA4B82 /* Images.xcassets in Resources */ = {isa = PBXBuildFile; fileRef = 49B45FF21BA8770C00EA4B82 /* Images.xcassets */; };
		49B45FF61BA8770C00EA4B82 /* LaunchScreen.xib in Resources */ = {isa = PBXBuildFile; fileRef = 49B45FF41BA8770C00EA4B82 /* LaunchScreen.xib */; };
		49B460021BA8770C00EA4B82 /* NerdfeedTests.m in Sources */ = {isa = PBXBuildFile; fileRef = 49B460011BA8770C00EA4B82 /* NerdfeedTests.m */; };
		49B4600D1BA8D41A00EA4B82 /* BNRCoursesViewController.m in Sources */ = {isa = PBXBuildFile; fileRef = 49B4600C1BA8D41A00EA4B82 /* BNRCoursesViewController.m */; };
		49B460101BA9A1ED00EA4B82 /* BNRWebViewController.m in Sources */ = {isa = PBXBuildFile; fileRef = 49B4600F1BA9A1ED00EA4B82 /* BNRWebViewController.m */; };
/* End PBXBuildFile section */

/* Begin PBXContainerItemProxy section */
		49B45FFC1BA8770C00EA4B82 /* PBXContainerItemProxy */ = {
			isa = PBXContainerItemProxy;
			containerPortal = 49B45FDA1BA8770C00EA4B82 /* Project object */;
			proxyType = 1;
			remoteGlobalIDString = 49B45FE11BA8770C00EA4B82;
			remoteInfo = Nerdfeed;
		};
/* End PBXContainerItemProxy section */

/* Begin PBXFileReference section */
		49B45FE21BA8770C00EA4B82 /* Nerdfeed.app */ = {isa = PBXFileReference; explicitFileType = wrapper.application; includeInIndex = 0; path = Nerdfeed.app; sourceTree = BUILT_PRODUCTS_DIR; };
		49B45FE61BA8770C00EA4B82 /* Info.plist */ = {isa = PBXFileReference; lastKnownFileType = text.plist.xml; path = Info.plist; sourceTree = "<group>"; };
		49B45FE71BA8770C00EA4B82 /* main.m */ = {isa = PBXFileReference; lastKnownFileType = sourcecode.c.objc; path = main.m; sourceTree = "<group>"; };
		49B45FE91BA8770C00EA4B82 /* AppDelegate.h */ = {isa = PBXFileReference; lastKnownFileType = sourcecode.c.h; path = AppDelegate.h; sourceTree = "<group>"; };
		49B45FEA1BA8770C00EA4B82 /* AppDelegate.m */ = {isa = PBXFileReference; lastKnownFileType = sourcecode.c.objc; path = AppDelegate.m; sourceTree = "<group>"; };
		49B45FF01BA8770C00EA4B82 /* Base */ = {isa = PBXFileReference; lastKnownFileType = file.storyboard; name = Base; path = Base.lproj/Main.storyboard; sourceTree = "<group>"; };
		49B45FF21BA8770C00EA4B82 /* Images.xcassets */ = {isa = PBXFileReference; lastKnownFileType = folder.assetcatalog; path = Images.xcassets; sourceTree = "<group>"; };
		49B45FF51BA8770C00EA4B82 /* Base */ = {isa = PBXFileReference; lastKnownFileType = file.xib; name = Base; path = Base.lproj/LaunchScreen.xib; sourceTree = "<group>"; };
		49B45FFB1BA8770C00EA4B82 /* NerdfeedTests.xctest */ = {isa = PBXFileReference; explicitFileType = wrapper.cfbundle; includeInIndex = 0; path = NerdfeedTests.xctest; sourceTree = BUILT_PRODUCTS_DIR; };
		49B460001BA8770C00EA4B82 /* Info.plist */ = {isa = PBXFileReference; lastKnownFileType = text.plist.xml; path = Info.plist; sourceTree = "<group>"; };
		49B460011BA8770C00EA4B82 /* NerdfeedTests.m */ = {isa = PBXFileReference; lastKnownFileType = sourcecode.c.objc; path = NerdfeedTests.m; sourceTree = "<group>"; };
		49B4600B1BA8D41A00EA4B82 /* BNRCoursesViewController.h */ = {isa = PBXFileReference; fileEncoding = 4; lastKnownFileType = sourcecode.c.h; path = BNRCoursesViewController.h; sourceTree = "<group>"; };
		49B4600C1BA8D41A00EA4B82 /* BNRCoursesViewController.m */ = {isa = PBXFileReference; fileEncoding = 4; lastKnownFileType = sourcecode.c.objc; path = BNRCoursesViewController.m; sourceTree = "<group>"; };
		49B4600E1BA9A1ED00EA4B82 /* BNRWebViewController.h */ = {isa = PBXFileReference; fileEncoding = 4; lastKnownFileType = sourcecode.c.h; path = BNRWebViewController.h; sourceTree = "<group>"; };
		49B4600F1BA9A1ED00EA4B82 /* BNRWebViewController.m */ = {isa = PBXFileReference; fileEncoding = 4; lastKnownFileType = sourcecode.c.objc; path = BNRWebViewController.m; sourceTree = "<group>"; };
/* End PBXFileReference section */

/* Begin PBXFrameworksBuildPhase section */
		49B45FDF1BA8770C00EA4B82 /* Frameworks */ = {
			isa = PBXFrameworksBuildPhase;
			buildActionMask = 2147483647;
			files = (
			);
			runOnlyForDeploymentPostprocessing = 0;
		};
		49B45FF81BA8770C00EA4B82 /* Frameworks */ = {
			isa = PBXFrameworksBuildPhase;
			buildActionMask = 2147483647;
			files = (
			);
			runOnlyForDeploymentPostprocessing = 0;
		};
/* End PBXFrameworksBuildPhase section */

/* Begin PBXGroup section */
		49B45FD91BA8770C00EA4B82 = {
			isa = PBXGroup;
			children = (
				49B45FE41BA8770C00EA4B82 /* Nerdfeed */,
				49B45FFE1BA8770C00EA4B82 /* NerdfeedTests */,
				49B45FE31BA8770C00EA4B82 /* Products */,
			);
			sourceTree = "<group>";
		};
		49B45FE31BA8770C00EA4B82 /* Products */ = {
			isa = PBXGroup;
			children = (
				49B45FE21BA8770C00EA4B82 /* Nerdfeed.app */,
				49B45FFB1BA8770C00EA4B82 /* NerdfeedTests.xctest */,
			);
			name = Products;
			sourceTree = "<group>";
		};
		49B45FE41BA8770C00EA4B82 /* Nerdfeed */ = {
			isa = PBXGroup;
			children = (
				49B45FE91BA8770C00EA4B82 /* AppDelegate.h */,
				49B45FEA1BA8770C00EA4B82 /* AppDelegate.m */,
				49B45FEF1BA8770C00EA4B82 /* Main.storyboard */,
				49B45FF21BA8770C00EA4B82 /* Images.xcassets */,
				49B45FF41BA8770C00EA4B82 /* LaunchScreen.xib */,
				49B45FE51BA8770C00EA4B82 /* Supporting Files */,
				49B4600B1BA8D41A00EA4B82 /* BNRCoursesViewController.h */,
				49B4600C1BA8D41A00EA4B82 /* BNRCoursesViewController.m */,
				49B4600E1BA9A1ED00EA4B82 /* BNRWebViewController.h */,
				49B4600F1BA9A1ED00EA4B82 /* BNRWebViewController.m */,
			);
			path = Nerdfeed;
			sourceTree = "<group>";
		};
		49B45FE51BA8770C00EA4B82 /* Supporting Files */ = {
			isa = PBXGroup;
			children = (
				49B45FE61BA8770C00EA4B82 /* Info.plist */,
				49B45FE71BA8770C00EA4B82 /* main.m */,
			);
			name = "Supporting Files";
			sourceTree = "<group>";
		};
		49B45FFE1BA8770C00EA4B82 /* NerdfeedTests */ = {
			isa = PBXGroup;
			children = (
				49B460011BA8770C00EA4B82 /* NerdfeedTests.m */,
				49B45FFF1BA8770C00EA4B82 /* Supporting Files */,
			);
			path = NerdfeedTests;
			sourceTree = "<group>";
		};
		49B45FFF1BA8770C00EA4B82 /* Supporting Files */ = {
			isa = PBXGroup;
			children = (
				49B460001BA8770C00EA4B82 /* Info.plist */,
			);
			name = "Supporting Files";
			sourceTree = "<group>";
		};
/* End PBXGroup section */

/* Begin PBXNativeTarget section */
		49B45FE11BA8770C00EA4B82 /* Nerdfeed */ = {
			isa = PBXNativeTarget;
			buildConfigurationList = 49B460051BA8770C00EA4B82 /* Build configuration list for PBXNativeTarget "Nerdfeed" */;
			buildPhases = (
				49B45FDE1BA8770C00EA4B82 /* Sources */,
				49B45FDF1BA8770C00EA4B82 /* Frameworks */,
				49B45FE01BA8770C00EA4B82 /* Resources */,
			);
			buildRules = (
			);
			dependencies = (
			);
			name = Nerdfeed;
			productName = Nerdfeed;
			productReference = 49B45FE21BA8770C00EA4B82 /* Nerdfeed.app */;
			productType = "com.apple.product-type.application";
		};
		49B45FFA1BA8770C00EA4B82 /* NerdfeedTests */ = {
			isa = PBXNativeTarget;
			buildConfigurationList = 49B460081BA8770C00EA4B82 /* Build configuration list for PBXNativeTarget "NerdfeedTests" */;
			buildPhases = (
				49B45FF71BA8770C00EA4B82 /* Sources */,
				49B45FF81BA8770C00EA4B82 /* Frameworks */,
				49B45FF91BA8770C00EA4B82 /* Resources */,
			);
			buildRules = (
			);
			dependencies = (
				49B45FFD1BA8770C00EA4B82 /* PBXTargetDependency */,
			);
			name = NerdfeedTests;
			productName = NerdfeedTests;
			productReference = 49B45FFB1BA8770C00EA4B82 /* NerdfeedTests.xctest */;
			productType = "com.apple.product-type.bundle.unit-test";
		};
/* End PBXNativeTarget section */

/* Begin PBXProject section */
		49B45FDA1BA8770C00EA4B82 /* Project object */ = {
			isa = PBXProject;
			attributes = {
				LastUpgradeCheck = 0640;
				ORGANIZATIONNAME = jiangchao;
				TargetAttributes = {
					49B45FE11BA8770C00EA4B82 = {
						CreatedOnToolsVersion = 6.4;
					};
					49B45FFA1BA8770C00EA4B82 = {
						CreatedOnToolsVersion = 6.4;
						TestTargetID = 49B45FE11BA8770C00EA4B82;
					};
				};
			};
			buildConfigurationList = 49B45FDD1BA8770C00EA4B82 /* Build configuration list for PBXProject "Nerdfeed" */;
			compatibilityVersion = "Xcode 3.2";
			developmentRegion = English;
			hasScannedForEncodings = 0;
			knownRegions = (
				en,
				Base,
			);
			mainGroup = 49B45FD91BA8770C00EA4B82;
			productRefGroup = 49B45FE31BA8770C00EA4B82 /* Products */;
			projectDirPath = "";
			projectRoot = "";
			targets = (
				49B45FE11BA8770C00EA4B82 /* Nerdfeed */,
				49B45FFA1BA8770C00EA4B82 /* NerdfeedTests */,
			);
		};
/* End PBXProject section */

/* Begin PBXResourcesBuildPhase section */
		49B45FE01BA8770C00EA4B82 /* Resources */ = {
			isa = PBXResourcesBuildPhase;
			buildActionMask = 2147483647;
			files = (
				49B45FF11BA8770C00EA4B82 /* Main.storyboard in Resources */,
				49B45FF61BA8770C00EA4B82 /* LaunchScreen.xib in Resources */,
				49B45FF31BA8770C00EA4B82 /* Images.xcassets in Resources */,
			);
			runOnlyForDeploymentPostprocessing = 0;
		};
		49B45FF91BA8770C00EA4B82 /* Resources */ = {
			isa = PBXResourcesBuildPhase;
			buildActionMask = 2147483647;
			files = (
			);
			runOnlyForDeploymentPostprocessing = 0;
		};
/* End PBXResourcesBuildPhase section */

/* Begin PBXSourcesBuildPhase section */
		49B45FDE1BA8770C00EA4B82 /* Sources */ = {
			isa = PBXSourcesBuildPhase;
			buildActionMask = 2147483647;
			files = (
				49B460101BA9A1ED00EA4B82 /* BNRWebViewController.m in Sources */,
				49B45FEB1BA8770C00EA4B82 /* AppDelegate.m in Sources */,
				49B45FE81BA8770C00EA4B82 /* main.m in Sources */,
				49B4600D1BA8D41A00EA4B82 /* BNRCoursesViewController.m in Sources */,
			);
			runOnlyForDeploymentPostprocessing = 0;
		};
		49B45FF71BA8770C00EA4B82 /* Sources */ = {
			isa = PBXSourcesBuildPhase;
			buildActionMask = 2147483647;
			files = (
				49B460021BA8770C00EA4B82 /* NerdfeedTests.m in Sources */,
			);
			runOnlyForDeploymentPostprocessing = 0;
		};
/* End PBXSourcesBuildPhase section */

/* Begin PBXTargetDependency section */
		49B45FFD1BA8770C00EA4B82 /* PBXTargetDependency */ = {
			isa = PBXTargetDependency;
			target = 49B45FE11BA8770C00EA4B82 /* Nerdfeed */;
			targetProxy = 49B45FFC1BA8770C00EA4B82 /* PBXContainerItemProxy */;
		};
/* End PBXTargetDependency section */

/* Begin PBXVariantGroup section */
		49B45FEF1BA8770C00EA4B82 /* Main.storyboard */ = {
			isa = PBXVariantGroup;
			children = (
				49B45FF01BA8770C00EA4B82 /* Base */,
			);
			name = Main.storyboard;
			sourceTree = "<group>";
		};
		49B45FF41BA8770C00EA4B82 /* LaunchScreen.xib */ = {
			isa = PBXVariantGroup;
			children = (
				49B45FF51BA8770C00EA4B82 /* Base */,
			);
			name = LaunchScreen.xib;
			sourceTree = "<group>";
		};
/* End PBXVariantGroup section */

/* Begin XCBuildConfiguration section */
		49B460031BA8770C00EA4B82 /* Debug */ = {
			isa = XCBuildConfiguration;
			buildSettings = {
				ALWAYS_SEARCH_USER_PATHS = NO;
				CLANG_CXX_LANGUAGE_STANDARD = "gnu++0x";
				CLANG_CXX_LIBRARY = "libc++";
				CLANG_ENABLE_MODULES = YES;
				CLANG_ENABLE_OBJC_ARC = YES;
				CLANG_WARN_BOOL_CONVERSION = YES;
				CLANG_WARN_CONSTANT_CONVERSION = YES;
				CLANG_WARN_DIRECT_OBJC_ISA_USAGE = YES_ERROR;
				CLANG_WARN_EMPTY_BODY = YES;
				CLANG_WARN_ENUM_CONVERSION = YES;
				CLANG_WARN_INT_CONVERSION = YES;
				CLANG_WARN_OBJC_ROOT_CLASS = YES_ERROR;
				CLANG_WARN_UNREACHABLE_CODE = YES;
				CLANG_WARN__DUPLICATE_METHOD_MATCH = YES;
				"CODE_SIGN_IDENTITY[sdk=iphoneos*]" = "iPhone Developer";
				COPY_PHASE_STRIP = NO;
				DEBUG_INFORMATION_FORMAT = "dwarf-with-dsym";
				ENABLE_STRICT_OBJC_MSGSEND = YES;
				GCC_C_LANGUAGE_STANDARD = gnu99;
				GCC_DYNAMIC_NO_PIC = NO;
				GCC_NO_COMMON_BLOCKS = YES;
				GCC_OPTIMIZATION_LEVEL = 0;
				GCC_PREPROCESSOR_DEFINITIONS = (
					"DEBUG=1",
					"$(inherited)",
				);
				GCC_SYMBOLS_PRIVATE_EXTERN = NO;
				GCC_WARN_64_TO_32_BIT_CONVERSION = YES;
				GCC_WARN_ABOUT_RETURN_TYPE = YES_ERROR;
				GCC_WARN_UNDECLARED_SELECTOR = YES;
				GCC_WARN_UNINITIALIZED_AUTOS = YES_AGGRESSIVE;
				GCC_WARN_UNUSED_FUNCTION = YES;
				GCC_WARN_UNUSED_VARIABLE = YES;
				IPHONEOS_DEPLOYMENT_TARGET = 8.4;
				MTL_ENABLE_DEBUG_INFO = YES;
				ONLY_ACTIVE_ARCH = YES;
				SDKROOT = iphoneos;
				TARGETED_DEVICE_FAMILY = 2;
			};
			name = Debug;
		};
		49B460041BA8770C00EA4B82 /* Release */ = {
			isa = XCBuildConfiguration;
			buildSettings = {
				ALWAYS_SEARCH_USER_PATHS = NO;
				CLANG_CXX_LANGUAGE_STANDARD = "gnu++0x";
				CLANG_CXX_LIBRARY = "libc++";
				CLANG_ENABLE_MODULES = YES;
				CLANG_ENABLE_OBJC_ARC = YES;
				CLANG_WARN_BOOL_CONVERSION = YES;
				CLANG_WARN_CONSTANT_CONVERSION = YES;
				CLANG_WARN_DIRECT_OBJC_ISA_USAGE = YES_ERROR;
				CLANG_WARN_EMPTY_BODY = YES;
				CLANG_WARN_ENUM_CONVERSION = YES;
				CLANG_WARN_INT_CONVERSION = YES;
				CLANG_WARN_OBJC_ROOT_CLASS = YES_ERROR;
				CLANG_WARN_UNREACHABLE_CODE = YES;
				CLANG_WARN__DUPLICATE_METHOD_MATCH = YES;
				"CODE_SIGN_IDENTITY[sdk=iphoneos*]" = "iPhone Developer";
				COPY_PHASE_STRIP = NO;
				DEBUG_INFORMATION_FORMAT = "dwarf-with-dsym";
				ENABLE_NS_ASSERTIONS = NO;
				ENABLE_STRICT_OBJC_MSGSEND = YES;
				GCC_C_LANGUAGE_STANDARD = gnu99;
				GCC_NO_COMMON_BLOCKS = YES;
				GCC_WARN_64_TO_32_BIT_CONVERSION = YES;
				GCC_WARN_ABOUT_RETURN_TYPE = YES_ERROR;
				GCC_WARN_UNDECLARED_SELECTOR = YES;
				GCC_WARN_UNINITIALIZED_AUTOS = YES_AGGRESSIVE;
				GCC_WARN_UNUSED_FUNCTION = YES;
				GCC_WARN_UNUSED_VARIABLE = YES;
				IPHONEOS_DEPLOYMENT_TARGET = 8.4;
				MTL_ENABLE_DEBUG_INFO = NO;
				SDKROOT = iphoneos;
				TARGETED_DEVICE_FAMILY = 2;
				VALIDATE_PRODUCT = YES;
			};
			name = Release;
		};
		49B460061BA8770C00EA4B82 /* Debug */ = {
			isa = XCBuildConfiguration;
			buildSettings = {
				ASSETCATALOG_COMPILER_APPICON_NAME = AppIcon;
				INFOPLIST_FILE = Nerdfeed/Info.plist;
				LD_RUNPATH_SEARCH_PATHS = "$(inherited) @executable_path/Frameworks";
				PRODUCT_NAME = "$(TARGET_NAME)";
				TARGETED_DEVICE_FAMILY = "1,2";
			};
			name = Debug;
		};
		49B460071BA8770C00EA4B82 /* Release */ = {
			isa = XCBuildConfiguration;
			buildSettings = {
				ASSETCATALOG_COMPILER_APPICON_NAME = AppIcon;
				INFOPLIST_FILE = Nerdfeed/Info.plist;
				LD_RUNPATH_SEARCH_PATHS = "$(inherited) @executable_path/Frameworks";
				PRODUCT_NAME = "$(TARGET_NAME)";
				TARGETED_DEVICE_FAMILY = "1,2";
			};
			name = Release;
		};
		49B460091BA8770C00EA4B82 /* Debug */ = {
			isa = XCBuildConfiguration;
			buildSettings = {
				BUNDLE_LOADER = "$(TEST_HOST)";
				FRAMEWORK_SEARCH_PATHS = (
					"$(SDKROOT)/Developer/Library/Frameworks",
					"$(inherited)",
				);
				GCC_PREPROCESSOR_DEFINITIONS = (
					"DEBUG=1",
					"$(inherited)",
				);
				INFOPLIST_FILE = NerdfeedTests/Info.plist;
				LD_RUNPATH_SEARCH_PATHS = "$(inherited) @executable_path/Frameworks @loader_path/Frameworks";
				PRODUCT_NAME = "$(TARGET_NAME)";
				TEST_HOST = "$(BUILT_PRODUCTS_DIR)/Nerdfeed.app/Nerdfeed";
			};
			name = Debug;
		};
		49B4600A1BA8770C00EA4B82 /* Release */ = {
			isa = XCBuildConfiguration;
			buildSettings = {
				BUNDLE_LOADER = "$(TEST_HOST)";
				FRAMEWORK_SEARCH_PATHS = (
					"$(SDKROOT)/Developer/Library/Frameworks",
					"$(inherited)",
				);
				INFOPLIST_FILE = NerdfeedTests/Info.plist;
				LD_RUNPATH_SEARCH_PATHS = "$(inherited) @executable_path/Frameworks @loader_path/Frameworks";
				PRODUCT_NAME = "$(TARGET_NAME)";
				TEST_HOST = "$(BUILT_PRODUCTS_DIR)/Nerdfeed.app/Nerdfeed";
			};
			name = Release;
		};
/* End XCBuildConfiguration section */

/* Begin XCConfigurationList section */
		49B45FDD1BA8770C00EA4B82 /* Build configuration list for PBXProject "Nerdfeed" */ = {
			isa = XCConfigurationList;
			buildConfigurations = (
				49B460031BA8770C00EA4B82 /* Debug */,
				49B460041BA8770C00EA4B82 /* Release */,
			);
			defaultConfigurationIsVisible = 0;
			defaultConfigurationName = Release;
		};
		49B460051BA8770C00EA4B82 /* Build configuration list for PBXNativeTarget "Nerdfeed" */ = {
			isa = XCConfigurationList;
			buildConfigurations = (
				49B460061BA8770C00EA4B82 /* Debug */,
				49B460071BA8770C00EA4B82 /* Release */,
			);
			defaultConfigurationIsVisible = 0;
		};
		49B460081BA8770C00EA4B82 /* Build configuration list for PBXNativeTarget "NerdfeedTests" */ = {
			isa = XCConfigurationList;
			buildConfigurations = (
				49B460091BA8770C00EA4B82 /* Debug */,
				49B4600A1BA8770C00EA4B82 /* Release */,
			);
			defaultConfigurationIsVisible = 0;
		};
/* End XCConfigurationList section */
	};
	rootObject = 49B45FDA1BA8770C00EA4B82 /* Project object */;
}
